
Microsoft Visual Studio Solution File, Format Version 12.00
# Visual Studio 15
VisualStudioVersion = 15.0.27428.2027
MinimumVisualStudioVersion = 10.0.40219.1
Project("{FAE04EC0-301F-11D3-BF4B-00C04F79EFBC}") = "RESTApiSample", "RESTApiSample\RESTApiSample.csproj", "{9B3EC8E9-812C-4B6C-9DB1-39F43680C339}"
EndProject
Project("{FAE04EC0-301F-11D3-BF4B-00C04F79EFBC}") = "RESTApiSample.Tests", "RESTApiSample.Tests\RESTApiSample.Tests.csproj", "{5BC56D0B-9382-4254-879E-2FB8F1113ED9}"
EndProject
Global
	GlobalSection(SolutionConfigurationPlatforms) = preSolution
		Debug|Any CPU = Debug|Any CPU
		Release|Any CPU = Release|Any CPU
	EndGlobalSection
	GlobalSection(ProjectConfigurationPlatforms) = postSolution
		{9B3EC8E9-812C-4B6C-9DB1-39F43680C339}.Debug|Any CPU.ActiveCfg = Debug|Any CPU
		{9B3EC8E9-812C-4B6C-9DB1-39F43680C339}.Debug|Any CPU.Build.0 = Debug|Any CPU
		{9B3EC8E9-812C-4B6C-9DB1-39F43680C339}.Release|Any CPU.ActiveCfg = Release|Any CPU
		{9B3EC8E9-812C-4B6C-9DB1-39F43680C339}.Release|Any CPU.Build.0 = Release|Any CPU
		{5BC56D0B-9382-4254-879E-2FB8F1113ED9}.Debug|Any CPU.ActiveCfg = Debug|Any CPU
		{5BC56D0B-9382-4254-879E-2FB8F1113ED9}.Debug|Any CPU.Build.0 = Debug|Any CPU
		{5BC56D0B-9382-4254-879E-2FB8F1113ED9}.Release|Any CPU.ActiveCfg = Release|Any CPU
		{5BC56D0B-9382-4254-879E-2FB8F1113ED9}.Release|Any CPU.Build.0 = Release|Any CPU
	EndGlobalSection
	GlobalSection(SolutionProperties) = preSolution
		HideSolutionNode = FALSE
	EndGlobalSection
	GlobalSection(ExtensibilityGlobals) = postSolution
		SolutionGuid = {656DA09B-70DF-4798-867D-8D748C444E19}
	EndGlobalSection
EndGlobal
